{
  "name": "media",
  "lockfileVersion": 3,
  "requires": true,
  "packages": {
    "": {
      "dependencies": {
        "@mediapipe/hands": "^0.4.1675469240",
        "@mediapipe/holistic": "^0.5.1675471629"
      }
    },
    "node_modules/@mediapipe/hands": {
      "version": "0.4.1675469240",
      "resolved": "https://registry.npmjs.org/@mediapipe/hands/-/hands-0.4.1675469240.tgz",
      "integrity": "sha512-GxoZvL1mmhJxFxjuyj7vnC++JIuInGznHBin5c7ZSq/RbcnGyfEcJrkM/bMu5K1Mz/2Ko+vEX6/+wewmEHPrHg==",
      "license": "Apache-2.0"
    },
    "node_modules/@mediapipe/holistic": {
      "version": "0.5.1675471629",
      "resolved": "https://registry.npmjs.org/@mediapipe/holistic/-/holistic-0.5.1675471629.tgz",
      "integrity": "sha512-qY+cxtDeSOvVtevrLgnodiwXYaAtPi7dHZtNv/bUCGEjFicAOYtMmrZSqMmbPkTB2+4jLnPF1vgshkAqQRSYAw==",
      "license": "Apache-2.0"
    }
  }
}
